
Microsoft Visual Studio Solution File, Format Version 12.00
# Visual Studio Version 17
VisualStudioVersion = 17.0.31903.59
MinimumVisualStudioVersion = 10.0.40219.1
Project("{FAE04EC0-301F-11D3-BF4B-00C04F79EFBC}") = "WrenchDesk", "WrenchDesk.csproj", "{49E293E5-CDF3-4975-9490-F67570764E2D}"
EndProject
Project("{2150E333-8FDC-42A3-9474-1A3956D46DE8}") = "tests", "tests", "{38CB85EB-3BD6-4254-A88F-320543DF9F71}"
EndProject
Project("{FAE04EC0-301F-11D3-BF4B-00C04F79EFBC}") = "WrenchDesk.Tests", "tests\WrenchDesk.Tests\WrenchDesk.Tests.csproj", "{482C0B0E-0215-4F62-A4B2-4F0CCE76D622}"
EndProject
Global
	GlobalSection(SolutionConfigurationPlatforms) = preSolution
		Debug|Any CPU = Debug|Any CPU
		Release|Any CPU = Release|Any CPU
	EndGlobalSection
	GlobalSection(SolutionProperties) = preSolution
		HideSolutionNode = FALSE
	EndGlobalSection
	GlobalSection(ProjectConfigurationPlatforms) = postSolution
		{49E293E5-CDF3-4975-9490-F67570764E2D}.Debug|Any CPU.ActiveCfg = Debug|Any CPU
		{49E293E5-CDF3-4975-9490-F67570764E2D}.Debug|Any CPU.Build.0 = Debug|Any CPU
		{49E293E5-CDF3-4975-9490-F67570764E2D}.Release|Any CPU.ActiveCfg = Release|Any CPU
		{49E293E5-CDF3-4975-9490-F67570764E2D}.Release|Any CPU.Build.0 = Release|Any CPU
		{482C0B0E-0215-4F62-A4B2-4F0CCE76D622}.Debug|Any CPU.ActiveCfg = Debug|Any CPU
		{482C0B0E-0215-4F62-A4B2-4F0CCE76D622}.Debug|Any CPU.Build.0 = Debug|Any CPU
		{482C0B0E-0215-4F62-A4B2-4F0CCE76D622}.Release|Any CPU.ActiveCfg = Release|Any CPU
		{482C0B0E-0215-4F62-A4B2-4F0CCE76D622}.Release|Any CPU.Build.0 = Release|Any CPU
	EndGlobalSection
	GlobalSection(NestedProjects) = preSolution
		{482C0B0E-0215-4F62-A4B2-4F0CCE76D622} = {38CB85EB-3BD6-4254-A88F-320543DF9F71}
	EndGlobalSection
EndGlobal
